
Microsoft Visual Studio Solution File, Format Version 12.00
# Visual Studio Version 17
VisualStudioVersion = 17.5.33414.496
MinimumVisualStudioVersion = 10.0.40219.1
Project("{FAE04EC0-301F-11D3-BF4B-00C04F79EFBC}") = "task array 2", "task array 2.csproj", "{01514D4A-2836-414D-ACC3-31D800204696}"
EndProject
Global
	GlobalSection(SolutionConfigurationPlatforms) = preSolution
		Debug|Any CPU = Debug|Any CPU
		Release|Any CPU = Release|Any CPU
	EndGlobalSection
	GlobalSection(ProjectConfigurationPlatforms) = postSolution
		{01514D4A-2836-414D-ACC3-31D800204696}.Debug|Any CPU.ActiveCfg = Debug|Any CPU
		{01514D4A-2836-414D-ACC3-31D800204696}.Debug|Any CPU.Build.0 = Debug|Any CPU
		{01514D4A-2836-414D-ACC3-31D800204696}.Release|Any CPU.ActiveCfg = Release|Any CPU
		{01514D4A-2836-414D-ACC3-31D800204696}.Release|Any CPU.Build.0 = Release|Any CPU
	EndGlobalSection
	GlobalSection(SolutionProperties) = preSolution
		HideSolutionNode = FALSE
	EndGlobalSection
	GlobalSection(ExtensibilityGlobals) = postSolution
		SolutionGuid = {6F4A2206-8E01-487F-9B2F-473AAEE13409}
	EndGlobalSection
EndGlobal
